// !$*UTF8*$!
{
	archiveVersion = 1;
	classes = {
	};
	objectVersion = 48;
	objects = {

/* Begin PBXBuildFile section */
		5B1CB0612010FCCE0006235F /* FoodHeaderView.swift in Sources */ = {isa = PBXBuildFile; fileRef = 5B1CB0602010FCCE0006235F /* FoodHeaderView.swift */; };
		5B1CB08320158BDA0006235F /* FoodViewController.swift in Sources */ = {isa = PBXBuildFile; fileRef = 5B1CB08220158BDA0006235F /* FoodViewController.swift */; };
		5B1CB08520158CAF0006235F /* FoodViewController.storyboard in Resources */ = {isa = PBXBuildFile; fileRef = 5B1CB08420158CAF0006235F /* FoodViewController.storyboard */; };
		5B44A7BA2002C17700898FF0 /* Foods.json in Resources */ = {isa = PBXBuildFile; fileRef = 5B44A7B92002C17700898FF0 /* Foods.json */; };
		5B44A7BC2004200000898FF0 /* BagViewController.storyboard in Resources */ = {isa = PBXBuildFile; fileRef = 5B44A7BB2004200000898FF0 /* BagViewController.storyboard */; };
		5B44A7BE2004202E00898FF0 /* BagViewController.swift in Sources */ = {isa = PBXBuildFile; fileRef = 5B44A7BD2004202E00898FF0 /* BagViewController.swift */; };
		5B44A7C020044E3800898FF0 /* UserDataStore.swift in Sources */ = {isa = PBXBuildFile; fileRef = 5B44A7BF20044E3800898FF0 /* UserDataStore.swift */; };
		5B44A7C220047E5600898FF0 /* BagDataStore.swift in Sources */ = {isa = PBXBuildFile; fileRef = 5B44A7C120047E5600898FF0 /* BagDataStore.swift */; };
		5B44A7C4200483E500898FF0 /* Food.swift in Sources */ = {isa = PBXBuildFile; fileRef = 5B44A7C3200483E500898FF0 /* Food.swift */; };
		5B44A8022006CE7F00898FF0 /* HomeViewController.swift in Sources */ = {isa = PBXBuildFile; fileRef = 5B44A8012006CE7F00898FF0 /* HomeViewController.swift */; };
		5B44A8052006CEB200898FF0 /* HomeViewController.storyboard in Resources */ = {isa = PBXBuildFile; fileRef = 5B44A8042006CEB200898FF0 /* HomeViewController.storyboard */; };
		5B44A8072006D35600898FF0 /* ItemsCollectionViewCell.swift in Sources */ = {isa = PBXBuildFile; fileRef = 5B44A8062006D35600898FF0 /* ItemsCollectionViewCell.swift */; };
		5B44A8142007003400898FF0 /* Avocados.jpg in Resources */ = {isa = PBXBuildFile; fileRef = 5B44A8102007003300898FF0 /* Avocados.jpg */; };
		5B44A8152007003400898FF0 /* Lettuce.jpg in Resources */ = {isa = PBXBuildFile; fileRef = 5B44A8112007003300898FF0 /* Lettuce.jpg */; };
		5B44A8162007003400898FF0 /* Peppers.jpg in Resources */ = {isa = PBXBuildFile; fileRef = 5B44A8122007003400898FF0 /* Peppers.jpg */; };
		5B44A8172007003400898FF0 /* Salad.jpg in Resources */ = {isa = PBXBuildFile; fileRef = 5B44A8132007003400898FF0 /* Salad.jpg */; };
		5B44A81D2007BB7000898FF0 /* UserViewController.swift in Sources */ = {isa = PBXBuildFile; fileRef = 5B44A81C2007BB7000898FF0 /* UserViewController.swift */; };
		5B44A81F2007BB9C00898FF0 /* UserViewController.storyboard in Resources */ = {isa = PBXBuildFile; fileRef = 5B44A81E2007BB9C00898FF0 /* UserViewController.storyboard */; };
		5B44A8212007D31C00898FF0 /* UserAPIClient.swift in Sources */ = {isa = PBXBuildFile; fileRef = 5B44A8202007D31C00898FF0 /* UserAPIClient.swift */; };
		5B44A8232007D58400898FF0 /* GoogleService-Info.plist in Resources */ = {isa = PBXBuildFile; fileRef = 5B44A8222007D58400898FF0 /* GoogleService-Info.plist */; };
		5B44A8252007ED9200898FF0 /* LoginViewController.swift in Sources */ = {isa = PBXBuildFile; fileRef = 5B44A8242007ED9200898FF0 /* LoginViewController.swift */; };
		5B44A8272007EDB400898FF0 /* LoginViewController.storyboard in Resources */ = {isa = PBXBuildFile; fileRef = 5B44A8262007EDB400898FF0 /* LoginViewController.storyboard */; };
		5B44A8292007F7DB00898FF0 /* User.swift in Sources */ = {isa = PBXBuildFile; fileRef = 5B44A8282007F7DB00898FF0 /* User.swift */; };
		5B44A82B2009102F00898FF0 /* FoodCollectionView.swift in Sources */ = {isa = PBXBuildFile; fileRef = 5B44A82A2009102F00898FF0 /* FoodCollectionView.swift */; };
		5B44A82D2009292A00898FF0 /* Item.swift in Sources */ = {isa = PBXBuildFile; fileRef = 5B44A82C2009292A00898FF0 /* Item.swift */; };
		5B44A82F2009326000898FF0 /* AddViewController.swift in Sources */ = {isa = PBXBuildFile; fileRef = 5B44A82E2009326000898FF0 /* AddViewController.swift */; };
		5B44A831200932A800898FF0 /* AddViewController.storyboard in Resources */ = {isa = PBXBuildFile; fileRef = 5B44A830200932A800898FF0 /* AddViewController.storyboard */; };
		5B44A833200C006400898FF0 /* PayAPIClient.swift in Sources */ = {isa = PBXBuildFile; fileRef = 5B44A832200C006400898FF0 /* PayAPIClient.swift */; };
		5B44A835200EA4BE00898FF0 /* Topping.swift in Sources */ = {isa = PBXBuildFile; fileRef = 5B44A834200EA4BE00898FF0 /* Topping.swift */; };
		5B44A837200EA4CA00898FF0 /* Dressing.swift in Sources */ = {isa = PBXBuildFile; fileRef = 5B44A836200EA4CA00898FF0 /* Dressing.swift */; };
		5B44A839200F035400898FF0 /* ItemCollectionViewCell.swift in Sources */ = {isa = PBXBuildFile; fileRef = 5B44A838200F035400898FF0 /* ItemCollectionViewCell.swift */; };
		5B6A067C1FFD509A00BAC480 /* AppDelegate.swift in Sources */ = {isa = PBXBuildFile; fileRef = 5B6A067B1FFD509A00BAC480 /* AppDelegate.swift */; };
		5B6A06811FFD509A00BAC480 /* ItemsViewController.storyboard in Resources */ = {isa = PBXBuildFile; fileRef = 5B6A067F1FFD509A00BAC480 /* ItemsViewController.storyboard */; };
		5B6A06831FFD509A00BAC480 /* Assets.xcassets in Resources */ = {isa = PBXBuildFile; fileRef = 5B6A06821FFD509A00BAC480 /* Assets.xcassets */; };
		5B6A06861FFD509A00BAC480 /* LaunchScreen.storyboard in Resources */ = {isa = PBXBuildFile; fileRef = 5B6A06841FFD509A00BAC480 /* LaunchScreen.storyboard */; };
		5B6A068E1FFD52A000BAC480 /* Size.swift in Sources */ = {isa = PBXBuildFile; fileRef = 5B6A068D1FFD52A000BAC480 /* Size.swift */; };
		5B6A06901FFD534C00BAC480 /* Vegetable.swift in Sources */ = {isa = PBXBuildFile; fileRef = 5B6A068F1FFD534C00BAC480 /* Vegetable.swift */; };
		5B6A06921FFD53C700BAC480 /* Extra.swift in Sources */ = {isa = PBXBuildFile; fileRef = 5B6A06911FFD53C700BAC480 /* Extra.swift */; };
		5B6A06941FFD543300BAC480 /* Lettuce.swift in Sources */ = {isa = PBXBuildFile; fileRef = 5B6A06931FFD543300BAC480 /* Lettuce.swift */; };
		5B6A06961FFD54B500BAC480 /* Salad.swift in Sources */ = {isa = PBXBuildFile; fileRef = 5B6A06951FFD54B500BAC480 /* Salad.swift */; };
		5B6A06981FFE8B1300BAC480 /* ItemsViewController.swift in Sources */ = {isa = PBXBuildFile; fileRef = 5B6A06971FFE8B1300BAC480 /* ItemsViewController.swift */; };
		5B6A06BE1FFFF4BE00BAC480 /* AnimatedCollectionViewLayout.swift in Sources */ = {isa = PBXBuildFile; fileRef = 5B6A06BC1FFFF4BD00BAC480 /* AnimatedCollectionViewLayout.swift */; };
		5B6A06BF1FFFF4BE00BAC480 /* LinearCardAttributesAnimator.swift in Sources */ = {isa = PBXBuildFile; fileRef = 5B6A06BD1FFFF4BE00BAC480 /* LinearCardAttributesAnimator.swift */; };
		5B6A06C32001B0CA00BAC480 /* LayoutAttributesAnimator.swift in Sources */ = {isa = PBXBuildFile; fileRef = 5B6A06C22001B0CA00BAC480 /* LayoutAttributesAnimator.swift */; };
		5B6A06C52002AF9700BAC480 /* FoodsDataStore.swift in Sources */ = {isa = PBXBuildFile; fileRef = 5B6A06C42002AF9700BAC480 /* FoodsDataStore.swift */; };
		5BB60EED206997A500105E72 /* ItemCollectionViewCellSelectionCommand.swift in Sources */ = {isa = PBXBuildFile; fileRef = 5BB60EEC206997A500105E72 /* ItemCollectionViewCellSelectionCommand.swift */; };
		5BD274C3205822AC00618128 /* Colors.swift in Sources */ = {isa = PBXBuildFile; fileRef = 5BD274C2205822AC00618128 /* Colors.swift */; };
		5BD274C5205EBDA500618128 /* FoodTableViewCell.swift in Sources */ = {isa = PBXBuildFile; fileRef = 5BD274C4205EBDA500618128 /* FoodTableViewCell.swift */; };
		5BD274E720631C9900618128 /* StorageAPIClient.swift in Sources */ = {isa = PBXBuildFile; fileRef = 5BD274E620631C9900618128 /* StorageAPIClient.swift */; };
		5BD274E92063F74600618128 /* ItemsViewModel.swift in Sources */ = {isa = PBXBuildFile; fileRef = 5BD274E82063F74600618128 /* ItemsViewModel.swift */; };
		5BD274EB2063F8E500618128 /* CellCommand.swift in Sources */ = {isa = PBXBuildFile; fileRef = 5BD274EA2063F8E500618128 /* CellCommand.swift */; };
		5BD274ED2063FA1C00618128 /* ItemCollectionViewCellConfigurationCommand.swift in Sources */ = {isa = PBXBuildFile; fileRef = 5BD274EC2063FA1C00618128 /* ItemCollectionViewCellConfigurationCommand.swift */; };
		5BD274F9206400CD00618128 /* CellViewModel.swift in Sources */ = {isa = PBXBuildFile; fileRef = 5BD274F8206400CD00618128 /* CellViewModel.swift */; };
		5BD274FB2064031400618128 /* CellViewModelFactory.swift in Sources */ = {isa = PBXBuildFile; fileRef = 5BD274FA2064031400618128 /* CellViewModelFactory.swift */; };
		5BD274FD206403E500618128 /* ItemCollectionViewCellViewModelFactory.swift in Sources */ = {isa = PBXBuildFile; fileRef = 5BD274FC206403E500618128 /* ItemCollectionViewCellViewModelFactory.swift */; };
		5BFD2BC1201B8D26005C01BF /* QuantityCollectionView.swift in Sources */ = {isa = PBXBuildFile; fileRef = 5BFD2BC0201B8D26005C01BF /* QuantityCollectionView.swift */; };
		5BFD2BC3201B920B005C01BF /* ItemQuantityTableViewCell.swift in Sources */ = {isa = PBXBuildFile; fileRef = 5BFD2BC2201B920B005C01BF /* ItemQuantityTableViewCell.swift */; };
		5BFD2BC5201D799F005C01BF /* QuantityCollectionViewCell.swift in Sources */ = {isa = PBXBuildFile; fileRef = 5BFD2BC4201D799F005C01BF /* QuantityCollectionViewCell.swift */; };
		5BFD2BC7201E35F8005C01BF /* BagViewModel.swift in Sources */ = {isa = PBXBuildFile; fileRef = 5BFD2BC6201E35F8005C01BF /* BagViewModel.swift */; };
		5BFD2BC9202112DE005C01BF /* LoginPageViewController.swift in Sources */ = {isa = PBXBuildFile; fileRef = 5BFD2BC8202112DE005C01BF /* LoginPageViewController.swift */; };
		5BFD2BCB202116C0005C01BF /* SignUpViewController.swift in Sources */ = {isa = PBXBuildFile; fileRef = 5BFD2BCA202116C0005C01BF /* SignUpViewController.swift */; };
		5BFD2BCD20211703005C01BF /* SignUpViewController.storyboard in Resources */ = {isa = PBXBuildFile; fileRef = 5BFD2BCC20211703005C01BF /* SignUpViewController.storyboard */; };
		5BFD2BCF20214816005C01BF /* LoginPageViewController.storyboard in Resources */ = {isa = PBXBuildFile; fileRef = 5BFD2BCE20214816005C01BF /* LoginPageViewController.storyboard */; };
		5BFD2BD120217D36005C01BF /* UserViewModel.swift in Sources */ = {isa = PBXBuildFile; fileRef = 5BFD2BD020217D36005C01BF /* UserViewModel.swift */; };
		5BFD2BD3202277C5005C01BF /* HomeViewModel.swift in Sources */ = {isa = PBXBuildFile; fileRef = 5BFD2BD2202277C5005C01BF /* HomeViewModel.swift */; };
		77D5D07D6A0C8DBA5E68B9C8 /* Pods_Sammys.framework in Frameworks */ = {isa = PBXBuildFile; fileRef = 60370EDE8F763E99A4745E79 /* Pods_Sammys.framework */; };
/* End PBXBuildFile section */

/* Begin PBXFileReference section */
		21E99B33225335D917CE3BA8 /* Pods-Sammys.debug.xcconfig */ = {isa = PBXFileReference; includeInIndex = 1; lastKnownFileType = text.xcconfig; name = "Pods-Sammys.debug.xcconfig"; path = "Pods/Target Support Files/Pods-Sammys/Pods-Sammys.debug.xcconfig"; sourceTree = "<group>"; };
		5B1CB0602010FCCE0006235F /* FoodHeaderView.swift */ = {isa = PBXFileReference; lastKnownFileType = sourcecode.swift; path = FoodHeaderView.swift; sourceTree = "<group>"; };
		5B1CB08220158BDA0006235F /* FoodViewController.swift */ = {isa = PBXFileReference; lastKnownFileType = sourcecode.swift; path = FoodViewController.swift; sourceTree = "<group>"; };
		5B1CB08420158CAF0006235F /* FoodViewController.storyboard */ = {isa = PBXFileReference; lastKnownFileType = file.storyboard; path = FoodViewController.storyboard; sourceTree = "<group>"; };
		5B44A7B92002C17700898FF0 /* Foods.json */ = {isa = PBXFileReference; fileEncoding = 4; lastKnownFileType = text.json; path = Foods.json; sourceTree = "<group>"; };
		5B44A7BB2004200000898FF0 /* BagViewController.storyboard */ = {isa = PBXFileReference; lastKnownFileType = file.storyboard; path = BagViewController.storyboard; sourceTree = "<group>"; };
		5B44A7BD2004202E00898FF0 /* BagViewController.swift */ = {isa = PBXFileReference; lastKnownFileType = sourcecode.swift; path = BagViewController.swift; sourceTree = "<group>"; };
		5B44A7BF20044E3800898FF0 /* UserDataStore.swift */ = {isa = PBXFileReference; lastKnownFileType = sourcecode.swift; path = UserDataStore.swift; sourceTree = "<group>"; };
		5B44A7C120047E5600898FF0 /* BagDataStore.swift */ = {isa = PBXFileReference; lastKnownFileType = sourcecode.swift; path = BagDataStore.swift; sourceTree = "<group>"; };
		5B44A7C3200483E500898FF0 /* Food.swift */ = {isa = PBXFileReference; lastKnownFileType = sourcecode.swift; path = Food.swift; sourceTree = "<group>"; };
		5B44A8012006CE7F00898FF0 /* HomeViewController.swift */ = {isa = PBXFileReference; lastKnownFileType = sourcecode.swift; path = HomeViewController.swift; sourceTree = "<group>"; };
		5B44A8042006CEB200898FF0 /* HomeViewController.storyboard */ = {isa = PBXFileReference; lastKnownFileType = file.storyboard; path = HomeViewController.storyboard; sourceTree = "<group>"; };
		5B44A8062006D35600898FF0 /* ItemsCollectionViewCell.swift */ = {isa = PBXFileReference; lastKnownFileType = sourcecode.swift; path = ItemsCollectionViewCell.swift; sourceTree = "<group>"; };
		5B44A8102007003300898FF0 /* Avocados.jpg */ = {isa = PBXFileReference; lastKnownFileType = image.jpeg; path = Avocados.jpg; sourceTree = "<group>"; };
		5B44A8112007003300898FF0 /* Lettuce.jpg */ = {isa = PBXFileReference; lastKnownFileType = image.jpeg; path = Lettuce.jpg; sourceTree = "<group>"; };
		5B44A8122007003400898FF0 /* Peppers.jpg */ = {isa = PBXFileReference; lastKnownFileType = image.jpeg; path = Peppers.jpg; sourceTree = "<group>"; };
		5B44A8132007003400898FF0 /* Salad.jpg */ = {isa = PBXFileReference; lastKnownFileType = image.jpeg; path = Salad.jpg; sourceTree = "<group>"; };
		5B44A81C2007BB7000898FF0 /* UserViewController.swift */ = {isa = PBXFileReference; lastKnownFileType = sourcecode.swift; path = UserViewController.swift; sourceTree = "<group>"; };
		5B44A81E2007BB9C00898FF0 /* UserViewController.storyboard */ = {isa = PBXFileReference; lastKnownFileType = file.storyboard; path = UserViewController.storyboard; sourceTree = "<group>"; };
		5B44A8202007D31C00898FF0 /* UserAPIClient.swift */ = {isa = PBXFileReference; lastKnownFileType = sourcecode.swift; path = UserAPIClient.swift; sourceTree = "<group>"; };
		5B44A8222007D58400898FF0 /* GoogleService-Info.plist */ = {isa = PBXFileReference; fileEncoding = 4; lastKnownFileType = text.plist.xml; path = "GoogleService-Info.plist"; sourceTree = "<group>"; };
		5B44A8242007ED9200898FF0 /* LoginViewController.swift */ = {isa = PBXFileReference; lastKnownFileType = sourcecode.swift; path = LoginViewController.swift; sourceTree = "<group>"; };
		5B44A8262007EDB400898FF0 /* LoginViewController.storyboard */ = {isa = PBXFileReference; lastKnownFileType = file.storyboard; path = LoginViewController.storyboard; sourceTree = "<group>"; };
		5B44A8282007F7DB00898FF0 /* User.swift */ = {isa = PBXFileReference; lastKnownFileType = sourcecode.swift; path = User.swift; sourceTree = "<group>"; };
		5B44A82A2009102F00898FF0 /* FoodCollectionView.swift */ = {isa = PBXFileReference; lastKnownFileType = sourcecode.swift; path = FoodCollectionView.swift; sourceTree = "<group>"; };
		5B44A82C2009292A00898FF0 /* Item.swift */ = {isa = PBXFileReference; lastKnownFileType = sourcecode.swift; path = Item.swift; sourceTree = "<group>"; };
		5B44A82E2009326000898FF0 /* AddViewController.swift */ = {isa = PBXFileReference; lastKnownFileType = sourcecode.swift; path = AddViewController.swift; sourceTree = "<group>"; };
		5B44A830200932A800898FF0 /* AddViewController.storyboard */ = {isa = PBXFileReference; lastKnownFileType = file.storyboard; path = AddViewController.storyboard; sourceTree = "<group>"; };
		5B44A832200C006400898FF0 /* PayAPIClient.swift */ = {isa = PBXFileReference; lastKnownFileType = sourcecode.swift; path = PayAPIClient.swift; sourceTree = "<group>"; };
		5B44A834200EA4BE00898FF0 /* Topping.swift */ = {isa = PBXFileReference; lastKnownFileType = sourcecode.swift; path = Topping.swift; sourceTree = "<group>"; };
		5B44A836200EA4CA00898FF0 /* Dressing.swift */ = {isa = PBXFileReference; lastKnownFileType = sourcecode.swift; path = Dressing.swift; sourceTree = "<group>"; };
		5B44A838200F035400898FF0 /* ItemCollectionViewCell.swift */ = {isa = PBXFileReference; lastKnownFileType = sourcecode.swift; path = ItemCollectionViewCell.swift; sourceTree = "<group>"; };
		5B6A06781FFD509A00BAC480 /* Sammys.app */ = {isa = PBXFileReference; explicitFileType = wrapper.application; includeInIndex = 0; path = Sammys.app; sourceTree = BUILT_PRODUCTS_DIR; };
		5B6A067B1FFD509A00BAC480 /* AppDelegate.swift */ = {isa = PBXFileReference; lastKnownFileType = sourcecode.swift; path = AppDelegate.swift; sourceTree = "<group>"; };
		5B6A06801FFD509A00BAC480 /* Base */ = {isa = PBXFileReference; lastKnownFileType = file.storyboard; name = Base; path = Base.lproj/ItemsViewController.storyboard; sourceTree = "<group>"; };
		5B6A06821FFD509A00BAC480 /* Assets.xcassets */ = {isa = PBXFileReference; lastKnownFileType = folder.assetcatalog; path = Assets.xcassets; sourceTree = "<group>"; };
		5B6A06851FFD509A00BAC480 /* Base */ = {isa = PBXFileReference; lastKnownFileType = file.storyboard; name = Base; path = Base.lproj/LaunchScreen.storyboard; sourceTree = "<group>"; };
		5B6A06871FFD509A00BAC480 /* Info.plist */ = {isa = PBXFileReference; lastKnownFileType = text.plist.xml; path = Info.plist; sourceTree = "<group>"; };
		5B6A068D1FFD52A000BAC480 /* Size.swift */ = {isa = PBXFileReference; lastKnownFileType = sourcecode.swift; path = Size.swift; sourceTree = "<group>"; };
		5B6A068F1FFD534C00BAC480 /* Vegetable.swift */ = {isa = PBXFileReference; lastKnownFileType = sourcecode.swift; path = Vegetable.swift; sourceTree = "<group>"; };
		5B6A06911FFD53C700BAC480 /* Extra.swift */ = {isa = PBXFileReference; lastKnownFileType = sourcecode.swift; path = Extra.swift; sourceTree = "<group>"; };
		5B6A06931FFD543300BAC480 /* Lettuce.swift */ = {isa = PBXFileReference; lastKnownFileType = sourcecode.swift; path = Lettuce.swift; sourceTree = "<group>"; };
		5B6A06951FFD54B500BAC480 /* Salad.swift */ = {isa = PBXFileReference; lastKnownFileType = sourcecode.swift; path = Salad.swift; sourceTree = "<group>"; };
		5B6A06971FFE8B1300BAC480 /* ItemsViewController.swift */ = {isa = PBXFileReference; lastKnownFileType = sourcecode.swift; path = ItemsViewController.swift; sourceTree = "<group>"; };
		5B6A06BC1FFFF4BD00BAC480 /* AnimatedCollectionViewLayout.swift */ = {isa = PBXFileReference; fileEncoding = 4; lastKnownFileType = sourcecode.swift; path = AnimatedCollectionViewLayout.swift; sourceTree = "<group>"; };
		5B6A06BD1FFFF4BE00BAC480 /* LinearCardAttributesAnimator.swift */ = {isa = PBXFileReference; fileEncoding = 4; lastKnownFileType = sourcecode.swift; path = LinearCardAttributesAnimator.swift; sourceTree = "<group>"; };
		5B6A06C22001B0CA00BAC480 /* LayoutAttributesAnimator.swift */ = {isa = PBXFileReference; fileEncoding = 4; lastKnownFileType = sourcecode.swift; path = LayoutAttributesAnimator.swift; sourceTree = "<group>"; };
		5B6A06C42002AF9700BAC480 /* FoodsDataStore.swift */ = {isa = PBXFileReference; lastKnownFileType = sourcecode.swift; path = FoodsDataStore.swift; sourceTree = "<group>"; };
		5BB60EEC206997A500105E72 /* ItemCollectionViewCellSelectionCommand.swift */ = {isa = PBXFileReference; lastKnownFileType = sourcecode.swift; path = ItemCollectionViewCellSelectionCommand.swift; sourceTree = "<group>"; };
		5BD274C2205822AC00618128 /* Colors.swift */ = {isa = PBXFileReference; lastKnownFileType = sourcecode.swift; path = Colors.swift; sourceTree = "<group>"; };
		5BD274C4205EBDA500618128 /* FoodTableViewCell.swift */ = {isa = PBXFileReference; lastKnownFileType = sourcecode.swift; path = FoodTableViewCell.swift; sourceTree = "<group>"; };
		5BD274E620631C9900618128 /* StorageAPIClient.swift */ = {isa = PBXFileReference; lastKnownFileType = sourcecode.swift; path = StorageAPIClient.swift; sourceTree = "<group>"; };
		5BD274E82063F74600618128 /* ItemsViewModel.swift */ = {isa = PBXFileReference; lastKnownFileType = sourcecode.swift; path = ItemsViewModel.swift; sourceTree = "<group>"; };
		5BD274EA2063F8E500618128 /* CellCommand.swift */ = {isa = PBXFileReference; lastKnownFileType = sourcecode.swift; path = CellCommand.swift; sourceTree = "<group>"; };
		5BD274EC2063FA1C00618128 /* ItemCollectionViewCellConfigurationCommand.swift */ = {isa = PBXFileReference; lastKnownFileType = sourcecode.swift; path = ItemCollectionViewCellConfigurationCommand.swift; sourceTree = "<group>"; };
		5BD274F8206400CD00618128 /* CellViewModel.swift */ = {isa = PBXFileReference; lastKnownFileType = sourcecode.swift; path = CellViewModel.swift; sourceTree = "<group>"; };
		5BD274FA2064031400618128 /* CellViewModelFactory.swift */ = {isa = PBXFileReference; lastKnownFileType = sourcecode.swift; path = CellViewModelFactory.swift; sourceTree = "<group>"; };
		5BD274FC206403E500618128 /* ItemCollectionViewCellViewModelFactory.swift */ = {isa = PBXFileReference; lastKnownFileType = sourcecode.swift; path = ItemCollectionViewCellViewModelFactory.swift; sourceTree = "<group>"; };
		5BFD2BC0201B8D26005C01BF /* QuantityCollectionView.swift */ = {isa = PBXFileReference; lastKnownFileType = sourcecode.swift; path = QuantityCollectionView.swift; sourceTree = "<group>"; };
		5BFD2BC2201B920B005C01BF /* ItemQuantityTableViewCell.swift */ = {isa = PBXFileReference; lastKnownFileType = sourcecode.swift; path = ItemQuantityTableViewCell.swift; sourceTree = "<group>"; };
		5BFD2BC4201D799F005C01BF /* QuantityCollectionViewCell.swift */ = {isa = PBXFileReference; lastKnownFileType = sourcecode.swift; path = QuantityCollectionViewCell.swift; sourceTree = "<group>"; };
		5BFD2BC6201E35F8005C01BF /* BagViewModel.swift */ = {isa = PBXFileReference; lastKnownFileType = sourcecode.swift; path = BagViewModel.swift; sourceTree = "<group>"; };
		5BFD2BC8202112DE005C01BF /* LoginPageViewController.swift */ = {isa = PBXFileReference; lastKnownFileType = sourcecode.swift; path = LoginPageViewController.swift; sourceTree = "<group>"; };
		5BFD2BCA202116C0005C01BF /* SignUpViewController.swift */ = {isa = PBXFileReference; lastKnownFileType = sourcecode.swift; path = SignUpViewController.swift; sourceTree = "<group>"; };
		5BFD2BCC20211703005C01BF /* SignUpViewController.storyboard */ = {isa = PBXFileReference; lastKnownFileType = file.storyboard; path = SignUpViewController.storyboard; sourceTree = "<group>"; };
		5BFD2BCE20214816005C01BF /* LoginPageViewController.storyboard */ = {isa = PBXFileReference; lastKnownFileType = file.storyboard; path = LoginPageViewController.storyboard; sourceTree = "<group>"; };
		5BFD2BD020217D36005C01BF /* UserViewModel.swift */ = {isa = PBXFileReference; lastKnownFileType = sourcecode.swift; path = UserViewModel.swift; sourceTree = "<group>"; };
		5BFD2BD2202277C5005C01BF /* HomeViewModel.swift */ = {isa = PBXFileReference; lastKnownFileType = sourcecode.swift; path = HomeViewModel.swift; sourceTree = "<group>"; };
		60370EDE8F763E99A4745E79 /* Pods_Sammys.framework */ = {isa = PBXFileReference; explicitFileType = wrapper.framework; includeInIndex = 0; path = Pods_Sammys.framework; sourceTree = BUILT_PRODUCTS_DIR; };
		BE8FC56B2E8DABD79795EBA3 /* Pods-Sammys.release.xcconfig */ = {isa = PBXFileReference; includeInIndex = 1; lastKnownFileType = text.xcconfig; name = "Pods-Sammys.release.xcconfig"; path = "Pods/Target Support Files/Pods-Sammys/Pods-Sammys.release.xcconfig"; sourceTree = "<group>"; };
/* End PBXFileReference section */

/* Begin PBXFrameworksBuildPhase section */
		5B6A06751FFD509A00BAC480 /* Frameworks */ = {
			isa = PBXFrameworksBuildPhase;
			buildActionMask = 2147483647;
			files = (
				77D5D07D6A0C8DBA5E68B9C8 /* Pods_Sammys.framework in Frameworks */,
			);
			runOnlyForDeploymentPostprocessing = 0;
		};
/* End PBXFrameworksBuildPhase section */

/* Begin PBXGroup section */
		121183D2095EEA5493A89E13 /* Pods */ = {
			isa = PBXGroup;
			children = (
				21E99B33225335D917CE3BA8 /* Pods-Sammys.debug.xcconfig */,
				BE8FC56B2E8DABD79795EBA3 /* Pods-Sammys.release.xcconfig */,
			);
			name = Pods;
			sourceTree = "<group>";
		};
		5B6A066F1FFD509A00BAC480 = {
			isa = PBXGroup;
			children = (
				5B6A067A1FFD509A00BAC480 /* Sammys */,
				5B6A06791FFD509A00BAC480 /* Products */,
				121183D2095EEA5493A89E13 /* Pods */,
				94825A66B172021E2F0BA0A3 /* Frameworks */,
			);
			sourceTree = "<group>";
		};
		5B6A06791FFD509A00BAC480 /* Products */ = {
			isa = PBXGroup;
			children = (
				5B6A06781FFD509A00BAC480 /* Sammys.app */,
			);
			name = Products;
			sourceTree = "<group>";
		};
		5B6A067A1FFD509A00BAC480 /* Sammys */ = {
			isa = PBXGroup;
			children = (
				5B6A067B1FFD509A00BAC480 /* AppDelegate.swift */,
				5BD274EE2063FA8F00618128 /* API Clients */,
				5BD274EF2063FA9900618128 /* Data Stores */,
				5BD274F02063FAA900618128 /* Helpers */,
				5B9CD59C204CCA0500F59E4C /* Models */,
				5B9CD59D204CCA5500F59E4C /* View Controllers and Models */,
				5B9CD59E204CCA7F00F59E4C /* Cells */,
				5B9CD59F204CCAA500F59E4C /* Views */,
				5B9CD5A0204CCAEF00F59E4C /* Storyboards */,
				5BD274F62063FBAD00618128 /* Classes */,
				5B9CD5A2204E1EB200F59E4C /* More */,
			);
			path = Sammys;
			sourceTree = "<group>";
		};
		5B7B14C120558D3100BFE0C8 /* AnimatedCollectionViewLayout */ = {
			isa = PBXGroup;
			children = (
				5B6A06BC1FFFF4BD00BAC480 /* AnimatedCollectionViewLayout.swift */,
				5B6A06C22001B0CA00BAC480 /* LayoutAttributesAnimator.swift */,
				5B6A06BD1FFFF4BE00BAC480 /* LinearCardAttributesAnimator.swift */,
			);
			path = AnimatedCollectionViewLayout;
			sourceTree = "<group>";
		};
		5B7B14C220558D4300BFE0C8 /* Images */ = {
			isa = PBXGroup;
			children = (
				5B44A8102007003300898FF0 /* Avocados.jpg */,
				5B44A8112007003300898FF0 /* Lettuce.jpg */,
				5B44A8122007003400898FF0 /* Peppers.jpg */,
				5B44A8132007003400898FF0 /* Salad.jpg */,
			);
			path = Images;
			sourceTree = "<group>";
		};
		5B9CD59C204CCA0500F59E4C /* Models */ = {
			isa = PBXGroup;
			children = (
				5B44A8282007F7DB00898FF0 /* User.swift */,
				5B44A7C3200483E500898FF0 /* Food.swift */,
				5B44A82C2009292A00898FF0 /* Item.swift */,
				5B6A06951FFD54B500BAC480 /* Salad.swift */,
				5B6A068D1FFD52A000BAC480 /* Size.swift */,
				5B6A06931FFD543300BAC480 /* Lettuce.swift */,
				5B6A068F1FFD534C00BAC480 /* Vegetable.swift */,
				5B44A834200EA4BE00898FF0 /* Topping.swift */,
				5B44A836200EA4CA00898FF0 /* Dressing.swift */,
				5B6A06911FFD53C700BAC480 /* Extra.swift */,
			);
			path = Models;
			sourceTree = "<group>";
		};
		5B9CD59D204CCA5500F59E4C /* View Controllers and Models */ = {
			isa = PBXGroup;
			children = (
				5BD274F12063FABF00618128 /* Home */,
				5BD274F22063FAC900618128 /* User */,
				5BD274F32063FAD800618128 /* Login */,
				5BD274F42063FAE300618128 /* Items */,
				5BD274F52063FAEE00618128 /* Bag */,
				5B44A82E2009326000898FF0 /* AddViewController.swift */,
				5B1CB08220158BDA0006235F /* FoodViewController.swift */,
			);
			path = "View Controllers and Models";
			sourceTree = "<group>";
		};
		5B9CD59E204CCA7F00F59E4C /* Cells */ = {
			isa = PBXGroup;
			children = (
				5BD274F8206400CD00618128 /* CellViewModel.swift */,
				5BD274EA2063F8E500618128 /* CellCommand.swift */,
				5BD274FA2064031400618128 /* CellViewModelFactory.swift */,
				5BFD2BC4201D799F005C01BF /* QuantityCollectionViewCell.swift */,
				5B44A8062006D35600898FF0 /* ItemsCollectionViewCell.swift */,
				5BFD2BC2201B920B005C01BF /* ItemQuantityTableViewCell.swift */,
				5BD274C4205EBDA500618128 /* FoodTableViewCell.swift */,
				5BD274F72063FBEA00618128 /* Item */,
			);
			path = Cells;
			sourceTree = "<group>";
		};
		5B9CD59F204CCAA500F59E4C /* Views */ = {
			isa = PBXGroup;
			children = (
				5B44A82A2009102F00898FF0 /* FoodCollectionView.swift */,
				5BFD2BC0201B8D26005C01BF /* QuantityCollectionView.swift */,
				5B1CB0602010FCCE0006235F /* FoodHeaderView.swift */,
			);
			path = Views;
			sourceTree = "<group>";
		};
		5B9CD5A0204CCAEF00F59E4C /* Storyboards */ = {
			isa = PBXGroup;
			children = (
				5B44A8042006CEB200898FF0 /* HomeViewController.storyboard */,
				5B44A81E2007BB9C00898FF0 /* UserViewController.storyboard */,
				5BFD2BCE20214816005C01BF /* LoginPageViewController.storyboard */,
				5B44A8262007EDB400898FF0 /* LoginViewController.storyboard */,
				5BFD2BCC20211703005C01BF /* SignUpViewController.storyboard */,
				5B6A067F1FFD509A00BAC480 /* ItemsViewController.storyboard */,
				5B44A830200932A800898FF0 /* AddViewController.storyboard */,
				5B44A7BB2004200000898FF0 /* BagViewController.storyboard */,
				5B1CB08420158CAF0006235F /* FoodViewController.storyboard */,
				5B6A06841FFD509A00BAC480 /* LaunchScreen.storyboard */,
			);
			path = Storyboards;
			sourceTree = "<group>";
		};
		5B9CD5A1204CCB0700F59E4C /* Fixtures */ = {
			isa = PBXGroup;
			children = (
				5B44A7B92002C17700898FF0 /* Foods.json */,
			);
			path = Fixtures;
			sourceTree = "<group>";
		};
		5B9CD5A2204E1EB200F59E4C /* More */ = {
			isa = PBXGroup;
			children = (
				5B9CD5A1204CCB0700F59E4C /* Fixtures */,
				5B7B14C220558D4300BFE0C8 /* Images */,
				5B6A06821FFD509A00BAC480 /* Assets.xcassets */,
				5B6A06871FFD509A00BAC480 /* Info.plist */,
				5B44A8222007D58400898FF0 /* GoogleService-Info.plist */,
			);
			path = More;
			sourceTree = "<group>";
		};
		5BD274EE2063FA8F00618128 /* API Clients */ = {
			isa = PBXGroup;
			children = (
				5B44A8202007D31C00898FF0 /* UserAPIClient.swift */,
				5B44A832200C006400898FF0 /* PayAPIClient.swift */,
				5BD274E620631C9900618128 /* StorageAPIClient.swift */,
			);
			path = "API Clients";
			sourceTree = "<group>";
		};
		5BD274EF2063FA9900618128 /* Data Stores */ = {
			isa = PBXGroup;
			children = (
				5B44A7BF20044E3800898FF0 /* UserDataStore.swift */,
				5B44A7C120047E5600898FF0 /* BagDataStore.swift */,
				5B6A06C42002AF9700BAC480 /* FoodsDataStore.swift */,
			);
			path = "Data Stores";
			sourceTree = "<group>";
		};
		5BD274F02063FAA900618128 /* Helpers */ = {
			isa = PBXGroup;
			children = (
				5BD274C2205822AC00618128 /* Colors.swift */,
			);
			path = Helpers;
			sourceTree = "<group>";
		};
		5BD274F12063FABF00618128 /* Home */ = {
			isa = PBXGroup;
			children = (
				5B44A8012006CE7F00898FF0 /* HomeViewController.swift */,
				5BFD2BD2202277C5005C01BF /* HomeViewModel.swift */,
			);
			path = Home;
			sourceTree = "<group>";
		};
		5BD274F22063FAC900618128 /* User */ = {
			isa = PBXGroup;
			children = (
				5B44A81C2007BB7000898FF0 /* UserViewController.swift */,
				5BFD2BD020217D36005C01BF /* UserViewModel.swift */,
			);
			path = User;
			sourceTree = "<group>";
		};
		5BD274F32063FAD800618128 /* Login */ = {
			isa = PBXGroup;
			children = (
				5BFD2BC8202112DE005C01BF /* LoginPageViewController.swift */,
				5B44A8242007ED9200898FF0 /* LoginViewController.swift */,
				5BFD2BCA202116C0005C01BF /* SignUpViewController.swift */,
			);
			path = Login;
			sourceTree = "<group>";
		};
		5BD274F42063FAE300618128 /* Items */ = {
			isa = PBXGroup;
			children = (
				5B6A06971FFE8B1300BAC480 /* ItemsViewController.swift */,
				5BD274E82063F74600618128 /* ItemsViewModel.swift */,
			);
			path = Items;
			sourceTree = "<group>";
		};
		5BD274F52063FAEE00618128 /* Bag */ = {
			isa = PBXGroup;
			children = (
				5B44A7BD2004202E00898FF0 /* BagViewController.swift */,
				5BFD2BC6201E35F8005C01BF /* BagViewModel.swift */,
			);
			path = Bag;
			sourceTree = "<group>";
		};
		5BD274F62063FBAD00618128 /* Classes */ = {
			isa = PBXGroup;
			children = (
				5B7B14C120558D3100BFE0C8 /* AnimatedCollectionViewLayout */,
			);
			path = Classes;
			sourceTree = "<group>";
		};
		5BD274F72063FBEA00618128 /* Item */ = {
			isa = PBXGroup;
			children = (
				5B44A838200F035400898FF0 /* ItemCollectionViewCell.swift */,
				5BD274EC2063FA1C00618128 /* ItemCollectionViewCellConfigurationCommand.swift */,
				5BB60EEC206997A500105E72 /* ItemCollectionViewCellSelectionCommand.swift */,
				5BD274FC206403E500618128 /* ItemCollectionViewCellViewModelFactory.swift */,
			);
			path = Item;
			sourceTree = "<group>";
		};
		94825A66B172021E2F0BA0A3 /* Frameworks */ = {
			isa = PBXGroup;
			children = (
				60370EDE8F763E99A4745E79 /* Pods_Sammys.framework */,
			);
			name = Frameworks;
			sourceTree = "<group>";
		};
/* End PBXGroup section */

/* Begin PBXNativeTarget section */
		5B6A06771FFD509A00BAC480 /* Sammys */ = {
			isa = PBXNativeTarget;
			buildConfigurationList = 5B6A068A1FFD509A00BAC480 /* Build configuration list for PBXNativeTarget "Sammys" */;
			buildPhases = (
				DB55628F610696F9ED3CF15F /* [CP] Check Pods Manifest.lock */,
				5B6A06741FFD509A00BAC480 /* Sources */,
				5B6A06751FFD509A00BAC480 /* Frameworks */,
				5B6A06761FFD509A00BAC480 /* Resources */,
				9F083D1E86A109459C15C33E /* [CP] Embed Pods Frameworks */,
				70C517DC9EF75C2F0908C51D /* [CP] Copy Pods Resources */,
			);
			buildRules = (
			);
			dependencies = (
			);
			name = Sammys;
			productName = Sammys;
			productReference = 5B6A06781FFD509A00BAC480 /* Sammys.app */;
			productType = "com.apple.product-type.application";
		};
/* End PBXNativeTarget section */

/* Begin PBXProject section */
		5B6A06701FFD509A00BAC480 /* Project object */ = {
			isa = PBXProject;
			attributes = {
				LastSwiftUpdateCheck = 0920;
				LastUpgradeCheck = 0920;
				ORGANIZATIONNAME = "Natanel Niazoff";
				TargetAttributes = {
					5B6A06771FFD509A00BAC480 = {
						CreatedOnToolsVersion = 9.2;
						ProvisioningStyle = Automatic;
					};
				};
			};
			buildConfigurationList = 5B6A06731FFD509A00BAC480 /* Build configuration list for PBXProject "Sammys" */;
			compatibilityVersion = "Xcode 8.0";
			developmentRegion = en;
			hasScannedForEncodings = 0;
			knownRegions = (
				en,
				Base,
			);
			mainGroup = 5B6A066F1FFD509A00BAC480;
			productRefGroup = 5B6A06791FFD509A00BAC480 /* Products */;
			projectDirPath = "";
			projectRoot = "";
			targets = (
				5B6A06771FFD509A00BAC480 /* Sammys */,
			);
		};
/* End PBXProject section */

/* Begin PBXResourcesBuildPhase section */
		5B6A06761FFD509A00BAC480 /* Resources */ = {
			isa = PBXResourcesBuildPhase;
			buildActionMask = 2147483647;
			files = (
				5B44A8152007003400898FF0 /* Lettuce.jpg in Resources */,
				5B44A7BA2002C17700898FF0 /* Foods.json in Resources */,
				5B44A8162007003400898FF0 /* Peppers.jpg in Resources */,
				5B1CB08520158CAF0006235F /* FoodViewController.storyboard in Resources */,
				5B44A7BC2004200000898FF0 /* BagViewController.storyboard in Resources */,
				5B44A8052006CEB200898FF0 /* HomeViewController.storyboard in Resources */,
				5B44A831200932A800898FF0 /* AddViewController.storyboard in Resources */,
				5BFD2BCF20214816005C01BF /* LoginPageViewController.storyboard in Resources */,
				5B44A8272007EDB400898FF0 /* LoginViewController.storyboard in Resources */,
				5B44A8232007D58400898FF0 /* GoogleService-Info.plist in Resources */,
				5B6A06861FFD509A00BAC480 /* LaunchScreen.storyboard in Resources */,
				5B44A8142007003400898FF0 /* Avocados.jpg in Resources */,
				5BFD2BCD20211703005C01BF /* SignUpViewController.storyboard in Resources */,
				5B44A8172007003400898FF0 /* Salad.jpg in Resources */,
				5B44A81F2007BB9C00898FF0 /* UserViewController.storyboard in Resources */,
				5B6A06831FFD509A00BAC480 /* Assets.xcassets in Resources */,
				5B6A06811FFD509A00BAC480 /* ItemsViewController.storyboard in Resources */,
			);
			runOnlyForDeploymentPostprocessing = 0;
		};
/* End PBXResourcesBuildPhase section */

/* Begin PBXShellScriptBuildPhase section */
		70C517DC9EF75C2F0908C51D /* [CP] Copy Pods Resources */ = {
			isa = PBXShellScriptBuildPhase;
			buildActionMask = 2147483647;
			files = (
			);
			inputPaths = (
			);
			name = "[CP] Copy Pods Resources";
			outputPaths = (
			);
			runOnlyForDeploymentPostprocessing = 0;
			shellPath = /bin/sh;
			shellScript = "\"${SRCROOT}/Pods/Target Support Files/Pods-Sammys/Pods-Sammys-resources.sh\"\n";
			showEnvVarsInLog = 0;
		};
		9F083D1E86A109459C15C33E /* [CP] Embed Pods Frameworks */ = {
			isa = PBXShellScriptBuildPhase;
			buildActionMask = 2147483647;
			files = (
			);
			inputPaths = (
				"${SRCROOT}/Pods/Target Support Files/Pods-Sammys/Pods-Sammys-frameworks.sh",
				"${BUILT_PRODUCTS_DIR}/Alamofire/Alamofire.framework",
				"${BUILT_PRODUCTS_DIR}/GTMSessionFetcher/GTMSessionFetcher.framework",
				"${BUILT_PRODUCTS_DIR}/GoogleToolboxForMac/GoogleToolboxForMac.framework",
				"${BUILT_PRODUCTS_DIR}/Stripe/Stripe.framework",
				"${BUILT_PRODUCTS_DIR}/leveldb-library/leveldb.framework",
				"${BUILT_PRODUCTS_DIR}/nanopb/nanopb.framework",
			);
			name = "[CP] Embed Pods Frameworks";
			outputPaths = (
				"${TARGET_BUILD_DIR}/${FRAMEWORKS_FOLDER_PATH}/Alamofire.framework",
				"${TARGET_BUILD_DIR}/${FRAMEWORKS_FOLDER_PATH}/GTMSessionFetcher.framework",
				"${TARGET_BUILD_DIR}/${FRAMEWORKS_FOLDER_PATH}/GoogleToolboxForMac.framework",
				"${TARGET_BUILD_DIR}/${FRAMEWORKS_FOLDER_PATH}/Stripe.framework",
				"${TARGET_BUILD_DIR}/${FRAMEWORKS_FOLDER_PATH}/leveldb.framework",
				"${TARGET_BUILD_DIR}/${FRAMEWORKS_FOLDER_PATH}/nanopb.framework",
			);
			runOnlyForDeploymentPostprocessing = 0;
			shellPath = /bin/sh;
			shellScript = "\"${SRCROOT}/Pods/Target Support Files/Pods-Sammys/Pods-Sammys-frameworks.sh\"\n";
			showEnvVarsInLog = 0;
		};
		DB55628F610696F9ED3CF15F /* [CP] Check Pods Manifest.lock */ = {
			isa = PBXShellScriptBuildPhase;
			buildActionMask = 2147483647;
			files = (
			);
			inputPaths = (
				"${PODS_PODFILE_DIR_PATH}/Podfile.lock",
				"${PODS_ROOT}/Manifest.lock",
			);
			name = "[CP] Check Pods Manifest.lock";
			outputPaths = (
				"$(DERIVED_FILE_DIR)/Pods-Sammys-checkManifestLockResult.txt",
			);
			runOnlyForDeploymentPostprocessing = 0;
			shellPath = /bin/sh;
			shellScript = "diff \"${PODS_PODFILE_DIR_PATH}/Podfile.lock\" \"${PODS_ROOT}/Manifest.lock\" > /dev/null\nif [ $? != 0 ] ; then\n    # print error to STDERR\n    echo \"error: The sandbox is not in sync with the Podfile.lock. Run 'pod install' or update your CocoaPods installation.\" >&2\n    exit 1\nfi\n# This output is used by Xcode 'outputs' to avoid re-running this script phase.\necho \"SUCCESS\" > \"${SCRIPT_OUTPUT_FILE_0}\"\n";
			showEnvVarsInLog = 0;
		};
/* End PBXShellScriptBuildPhase section */

/* Begin PBXSourcesBuildPhase section */
		5B6A06741FFD509A00BAC480 /* Sources */ = {
			isa = PBXSourcesBuildPhase;
			buildActionMask = 2147483647;
			files = (
				5B1CB08320158BDA0006235F /* FoodViewController.swift in Sources */,
				5BD274C3205822AC00618128 /* Colors.swift in Sources */,
				5B6A06BF1FFFF4BE00BAC480 /* LinearCardAttributesAnimator.swift in Sources */,
				5B44A81D2007BB7000898FF0 /* UserViewController.swift in Sources */,
				5B44A82F2009326000898FF0 /* AddViewController.swift in Sources */,
				5BD274C5205EBDA500618128 /* FoodTableViewCell.swift in Sources */,
				5B44A8212007D31C00898FF0 /* UserAPIClient.swift in Sources */,
				5B6A06941FFD543300BAC480 /* Lettuce.swift in Sources */,
				5BD274ED2063FA1C00618128 /* ItemCollectionViewCellConfigurationCommand.swift in Sources */,
				5B44A7C4200483E500898FF0 /* Food.swift in Sources */,
				5BFD2BC7201E35F8005C01BF /* BagViewModel.swift in Sources */,
				5BD274FB2064031400618128 /* CellViewModelFactory.swift in Sources */,
				5B6A06BE1FFFF4BE00BAC480 /* AnimatedCollectionViewLayout.swift in Sources */,
				5BD274E92063F74600618128 /* ItemsViewModel.swift in Sources */,
				5B44A82D2009292A00898FF0 /* Item.swift in Sources */,
				5BD274FD206403E500618128 /* ItemCollectionViewCellViewModelFactory.swift in Sources */,
				5B6A06901FFD534C00BAC480 /* Vegetable.swift in Sources */,
				5B6A06961FFD54B500BAC480 /* Salad.swift in Sources */,
				5BB60EED206997A500105E72 /* ItemCollectionViewCellSelectionCommand.swift in Sources */,
				5BFD2BC3201B920B005C01BF /* ItemQuantityTableViewCell.swift in Sources */,
				5BFD2BD120217D36005C01BF /* UserViewModel.swift in Sources */,
				5B44A8252007ED9200898FF0 /* LoginViewController.swift in Sources */,
				5BD274F9206400CD00618128 /* CellViewModel.swift in Sources */,
				5B6A06921FFD53C700BAC480 /* Extra.swift in Sources */,
				5B44A7C220047E5600898FF0 /* BagDataStore.swift in Sources */,
				5B44A839200F035400898FF0 /* ItemCollectionViewCell.swift in Sources */,
				5B1CB0612010FCCE0006235F /* FoodHeaderView.swift in Sources */,
				5B44A835200EA4BE00898FF0 /* Topping.swift in Sources */,
				5B44A8072006D35600898FF0 /* ItemsCollectionViewCell.swift in Sources */,
				5B6A06981FFE8B1300BAC480 /* ItemsViewController.swift in Sources */,
				5BFD2BC9202112DE005C01BF /* LoginPageViewController.swift in Sources */,
				5BFD2BC5201D799F005C01BF /* QuantityCollectionViewCell.swift in Sources */,
				5B44A833200C006400898FF0 /* PayAPIClient.swift in Sources */,
				5B44A837200EA4CA00898FF0 /* Dressing.swift in Sources */,
				5B44A7BE2004202E00898FF0 /* BagViewController.swift in Sources */,
				5BD274E720631C9900618128 /* StorageAPIClient.swift in Sources */,
				5B6A06C52002AF9700BAC480 /* FoodsDataStore.swift in Sources */,
				5B44A8022006CE7F00898FF0 /* HomeViewController.swift in Sources */,
				5B6A06C32001B0CA00BAC480 /* LayoutAttributesAnimator.swift in Sources */,
				5BD274EB2063F8E500618128 /* CellCommand.swift in Sources */,
				5B6A068E1FFD52A000BAC480 /* Size.swift in Sources */,
				5B6A067C1FFD509A00BAC480 /* AppDelegate.swift in Sources */,
				5B44A7C020044E3800898FF0 /* UserDataStore.swift in Sources */,
				5BFD2BD3202277C5005C01BF /* HomeViewModel.swift in Sources */,
				5BFD2BC1201B8D26005C01BF /* QuantityCollectionView.swift in Sources */,
				5B44A82B2009102F00898FF0 /* FoodCollectionView.swift in Sources */,
				5B44A8292007F7DB00898FF0 /* User.swift in Sources */,
				5BFD2BCB202116C0005C01BF /* SignUpViewController.swift in Sources */,
			);
			runOnlyForDeploymentPostprocessing = 0;
		};
/* End PBXSourcesBuildPhase section */

/* Begin PBXVariantGroup section */
		5B6A067F1FFD509A00BAC480 /* ItemsViewController.storyboard */ = {
			isa = PBXVariantGroup;
			children = (
				5B6A06801FFD509A00BAC480 /* Base */,
			);
			name = ItemsViewController.storyboard;
			sourceTree = "<group>";
		};
		5B6A06841FFD509A00BAC480 /* LaunchScreen.storyboard */ = {
			isa = PBXVariantGroup;
			children = (
				5B6A06851FFD509A00BAC480 /* Base */,
			);
			name = LaunchScreen.storyboard;
			sourceTree = "<group>";
		};
/* End PBXVariantGroup section */

/* Begin XCBuildConfiguration section */
		5B6A06881FFD509A00BAC480 /* Debug */ = {
			isa = XCBuildConfiguration;
			buildSettings = {
				ALWAYS_SEARCH_USER_PATHS = NO;
				CLANG_ANALYZER_NONNULL = YES;
				CLANG_ANALYZER_NUMBER_OBJECT_CONVERSION = YES_AGGRESSIVE;
				CLANG_CXX_LANGUAGE_STANDARD = "gnu++14";
				CLANG_CXX_LIBRARY = "libc++";
				CLANG_ENABLE_MODULES = YES;
				CLANG_ENABLE_OBJC_ARC = YES;
				CLANG_WARN_BLOCK_CAPTURE_AUTORELEASING = YES;
				CLANG_WARN_BOOL_CONVERSION = YES;
				CLANG_WARN_COMMA = YES;
				CLANG_WARN_CONSTANT_CONVERSION = YES;
				CLANG_WARN_DIRECT_OBJC_ISA_USAGE = YES_ERROR;
				CLANG_WARN_DOCUMENTATION_COMMENTS = YES;
				CLANG_WARN_EMPTY_BODY = YES;
				CLANG_WARN_ENUM_CONVERSION = YES;
				CLANG_WARN_INFINITE_RECURSION = YES;
				CLANG_WARN_INT_CONVERSION = YES;
				CLANG_WARN_NON_LITERAL_NULL_CONVERSION = YES;
				CLANG_WARN_OBJC_LITERAL_CONVERSION = YES;
				CLANG_WARN_OBJC_ROOT_CLASS = YES_ERROR;
				CLANG_WARN_RANGE_LOOP_ANALYSIS = YES;
				CLANG_WARN_STRICT_PROTOTYPES = YES;
				CLANG_WARN_SUSPICIOUS_MOVE = YES;
				CLANG_WARN_UNGUARDED_AVAILABILITY = YES_AGGRESSIVE;
				CLANG_WARN_UNREACHABLE_CODE = YES;
				CLANG_WARN__DUPLICATE_METHOD_MATCH = YES;
				CODE_SIGN_IDENTITY = "iPhone Developer";
				COPY_PHASE_STRIP = NO;
				DEBUG_INFORMATION_FORMAT = dwarf;
				ENABLE_STRICT_OBJC_MSGSEND = YES;
				ENABLE_TESTABILITY = YES;
				GCC_C_LANGUAGE_STANDARD = gnu11;
				GCC_DYNAMIC_NO_PIC = NO;
				GCC_NO_COMMON_BLOCKS = YES;
				GCC_OPTIMIZATION_LEVEL = 0;
				GCC_PREPROCESSOR_DEFINITIONS = (
					"DEBUG=1",
					"$(inherited)",
				);
				GCC_WARN_64_TO_32_BIT_CONVERSION = YES;
				GCC_WARN_ABOUT_RETURN_TYPE = YES_ERROR;
				GCC_WARN_UNDECLARED_SELECTOR = YES;
				GCC_WARN_UNINITIALIZED_AUTOS = YES_AGGRESSIVE;
				GCC_WARN_UNUSED_FUNCTION = YES;
				GCC_WARN_UNUSED_VARIABLE = YES;
				IPHONEOS_DEPLOYMENT_TARGET = 11.2;
				MTL_ENABLE_DEBUG_INFO = YES;
				ONLY_ACTIVE_ARCH = YES;
				SDKROOT = iphoneos;
				SWIFT_ACTIVE_COMPILATION_CONDITIONS = DEBUG;
				SWIFT_OPTIMIZATION_LEVEL = "-Onone";
			};
			name = Debug;
		};
		5B6A06891FFD509A00BAC480 /* Release */ = {
			isa = XCBuildConfiguration;
			buildSettings = {
				ALWAYS_SEARCH_USER_PATHS = NO;
				CLANG_ANALYZER_NONNULL = YES;
				CLANG_ANALYZER_NUMBER_OBJECT_CONVERSION = YES_AGGRESSIVE;
				CLANG_CXX_LANGUAGE_STANDARD = "gnu++14";
				CLANG_CXX_LIBRARY = "libc++";
				CLANG_ENABLE_MODULES = YES;
				CLANG_ENABLE_OBJC_ARC = YES;
				CLANG_WARN_BLOCK_CAPTURE_AUTORELEASING = YES;
				CLANG_WARN_BOOL_CONVERSION = YES;
				CLANG_WARN_COMMA = YES;
				CLANG_WARN_CONSTANT_CONVERSION = YES;
				CLANG_WARN_DIRECT_OBJC_ISA_USAGE = YES_ERROR;
				CLANG_WARN_DOCUMENTATION_COMMENTS = YES;
				CLANG_WARN_EMPTY_BODY = YES;
				CLANG_WARN_ENUM_CONVERSION = YES;
				CLANG_WARN_INFINITE_RECURSION = YES;
				CLANG_WARN_INT_CONVERSION = YES;
				CLANG_WARN_NON_LITERAL_NULL_CONVERSION = YES;
				CLANG_WARN_OBJC_LITERAL_CONVERSION = YES;
				CLANG_WARN_OBJC_ROOT_CLASS = YES_ERROR;
				CLANG_WARN_RANGE_LOOP_ANALYSIS = YES;
				CLANG_WARN_STRICT_PROTOTYPES = YES;
				CLANG_WARN_SUSPICIOUS_MOVE = YES;
				CLANG_WARN_UNGUARDED_AVAILABILITY = YES_AGGRESSIVE;
				CLANG_WARN_UNREACHABLE_CODE = YES;
				CLANG_WARN__DUPLICATE_METHOD_MATCH = YES;
				CODE_SIGN_IDENTITY = "iPhone Developer";
				COPY_PHASE_STRIP = NO;
				DEBUG_INFORMATION_FORMAT = "dwarf-with-dsym";
				ENABLE_NS_ASSERTIONS = NO;
				ENABLE_STRICT_OBJC_MSGSEND = YES;
				GCC_C_LANGUAGE_STANDARD = gnu11;
				GCC_NO_COMMON_BLOCKS = YES;
				GCC_WARN_64_TO_32_BIT_CONVERSION = YES;
				GCC_WARN_ABOUT_RETURN_TYPE = YES_ERROR;
				GCC_WARN_UNDECLARED_SELECTOR = YES;
				GCC_WARN_UNINITIALIZED_AUTOS = YES_AGGRESSIVE;
				GCC_WARN_UNUSED_FUNCTION = YES;
				GCC_WARN_UNUSED_VARIABLE = YES;
				IPHONEOS_DEPLOYMENT_TARGET = 11.2;
				MTL_ENABLE_DEBUG_INFO = NO;
				SDKROOT = iphoneos;
				SWIFT_OPTIMIZATION_LEVEL = "-Owholemodule";
				VALIDATE_PRODUCT = YES;
			};
			name = Release;
		};
		5B6A068B1FFD509A00BAC480 /* Debug */ = {
			isa = XCBuildConfiguration;
			baseConfigurationReference = 21E99B33225335D917CE3BA8 /* Pods-Sammys.debug.xcconfig */;
			buildSettings = {
				ASSETCATALOG_COMPILER_APPICON_NAME = AppIcon;
				CODE_SIGN_STYLE = Automatic;
				DEVELOPMENT_TEAM = LWC7S9F6VV;
				INFOPLIST_FILE = "$(SRCROOT)/Sammys/More/Info.plist";
				LD_RUNPATH_SEARCH_PATHS = "$(inherited) @executable_path/Frameworks";
				PRODUCT_BUNDLE_IDENTIFIER = com.natanelniazoff.Sammys;
				PRODUCT_NAME = "$(TARGET_NAME)";
				SWIFT_VERSION = 4.0;
				TARGETED_DEVICE_FAMILY = "1,2";
			};
			name = Debug;
		};
		5B6A068C1FFD509A00BAC480 /* Release */ = {
			isa = XCBuildConfiguration;
			baseConfigurationReference = BE8FC56B2E8DABD79795EBA3 /* Pods-Sammys.release.xcconfig */;
			buildSettings = {
				ASSETCATALOG_COMPILER_APPICON_NAME = AppIcon;
				CODE_SIGN_STYLE = Automatic;
				DEVELOPMENT_TEAM = LWC7S9F6VV;
				INFOPLIST_FILE = "$(SRCROOT)/Sammys/More/Info.plist";
				LD_RUNPATH_SEARCH_PATHS = "$(inherited) @executable_path/Frameworks";
				PRODUCT_BUNDLE_IDENTIFIER = com.natanelniazoff.Sammys;
				PRODUCT_NAME = "$(TARGET_NAME)";
				SWIFT_VERSION = 4.0;
				TARGETED_DEVICE_FAMILY = "1,2";
			};
			name = Release;
		};
/* End XCBuildConfiguration section */

/* Begin XCConfigurationList section */
		5B6A06731FFD509A00BAC480 /* Build configuration list for PBXProject "Sammys" */ = {
			isa = XCConfigurationList;
			buildConfigurations = (
				5B6A06881FFD509A00BAC480 /* Debug */,
				5B6A06891FFD509A00BAC480 /* Release */,
			);
			defaultConfigurationIsVisible = 0;
			defaultConfigurationName = Release;
		};
		5B6A068A1FFD509A00BAC480 /* Build configuration list for PBXNativeTarget "Sammys" */ = {
			isa = XCConfigurationList;
			buildConfigurations = (
				5B6A068B1FFD509A00BAC480 /* Debug */,
				5B6A068C1FFD509A00BAC480 /* Release */,
			);
			defaultConfigurationIsVisible = 0;
			defaultConfigurationName = Release;
		};
/* End XCConfigurationList section */
	};
	rootObject = 5B6A06701FFD509A00BAC480 /* Project object */;
}
